{
  "pins" : [
    {
      "identity" : "mnemonicgenerator",
      "kind" : "remoteSourceControl",
      "location" : "https://github.com/KNPNW/MnemonicGenerator.git",
      "state" : {
        "revision" : "494b5df9375e16bf796289ab5a378bc2a1b894b4",
        "version" : "0.1.0"
      }
    },
    {
      "identity" : "uncommoncrypto.swift",
      "kind" : "remoteSourceControl",
      "location" : "https://github.com/tesseract-one/UncommonCrypto.swift.git",
      "state" : {
        "revision" : "e089407582e1f2d81dc11ba167362742422b8979",
        "version" : "0.1.3"
      }
    }
  ],
  "version" : 2
}
